
Microsoft Visual Studio Solution File, Format Version 12.00
# Visual Studio Version 17
VisualStudioVersion = 17.0.32126.317
MinimumVisualStudioVersion = 10.0.40219.1
Project("{9A19103F-16F7-4668-BE54-9A1E7A4F7556}") = "TLA-LIB", "TLA-LIB.csproj", "{F71B12B4-EA39-4F85-ABBB-14644EF8B30F}"
EndProject
Global
	GlobalSection(SolutionConfigurationPlatforms) = preSolution
		Debug|Any CPU = Debug|Any CPU
		Release|Any CPU = Release|Any CPU
	EndGlobalSection
	GlobalSection(ProjectConfigurationPlatforms) = postSolution
		{F71B12B4-EA39-4F85-ABBB-14644EF8B30F}.Debug|Any CPU.ActiveCfg = Debug|Any CPU
		{F71B12B4-EA39-4F85-ABBB-14644EF8B30F}.Debug|Any CPU.Build.0 = Debug|Any CPU
		{F71B12B4-EA39-4F85-ABBB-14644EF8B30F}.Release|Any CPU.ActiveCfg = Release|Any CPU
		{F71B12B4-EA39-4F85-ABBB-14644EF8B30F}.Release|Any CPU.Build.0 = Release|Any CPU
	EndGlobalSection
	GlobalSection(SolutionProperties) = preSolution
		HideSolutionNode = FALSE
	EndGlobalSection
	GlobalSection(ExtensibilityGlobals) = postSolution
		SolutionGuid = {26E2F757-9A88-4560-8C27-B024EAC8D281}
	EndGlobalSection
EndGlobal
